
Microsoft Visual Studio Solution File, Format Version 12.00
# Visual Studio Version 17
VisualStudioVersion = 17.9.34607.119
MinimumVisualStudioVersion = 10.0.40219.1
Project("{FAE04EC0-301F-11D3-BF4B-00C04F79EFBC}") = "Demo App", "Demo App\Demo App.csproj", "{278D7548-4500-4557-8703-8D52FC22716E}"
EndProject
Global
	GlobalSection(SolutionConfigurationPlatforms) = preSolution
		Debug|Any CPU = Debug|Any CPU
		Release|Any CPU = Release|Any CPU
	EndGlobalSection
	GlobalSection(ProjectConfigurationPlatforms) = postSolution
		{278D7548-4500-4557-8703-8D52FC22716E}.Debug|Any CPU.ActiveCfg = Debug|Any CPU
		{278D7548-4500-4557-8703-8D52FC22716E}.Debug|Any CPU.Build.0 = Debug|Any CPU
		{278D7548-4500-4557-8703-8D52FC22716E}.Release|Any CPU.ActiveCfg = Release|Any CPU
		{278D7548-4500-4557-8703-8D52FC22716E}.Release|Any CPU.Build.0 = Release|Any CPU
	EndGlobalSection
	GlobalSection(SolutionProperties) = preSolution
		HideSolutionNode = FALSE
	EndGlobalSection
	GlobalSection(ExtensibilityGlobals) = postSolution
		SolutionGuid = {14C20493-A90A-4C0B-A91D-24A87B483DEF}
	EndGlobalSection
EndGlobal
